
Microsoft Visual Studio Solution File, Format Version 12.00
# Visual Studio 2012
Project("{FAE04EC0-301F-11D3-BF4B-00C04F79EFBC}") = "OWASample", "OWASample\OWASample.csproj", "{ACAC145D-22F6-49C2-990F-C0289BD7AB30}"
EndProject
Project("{FAE04EC0-301F-11D3-BF4B-00C04F79EFBC}") = "OWA.Internal", "OWA.Internal\OWA.Internal.csproj", "{B61050AD-7A4B-4DD6-9252-C2C8E7298EF0}"
EndProject
Project("{FAE04EC0-301F-11D3-BF4B-00C04F79EFBC}") = "OWA.Calendar", "OWA.Calendar\OWA.Calendar.csproj", "{17C2E963-0033-423C-89A9-34DC13DA5D6C}"
EndProject
Project("{FAE04EC0-301F-11D3-BF4B-00C04F79EFBC}") = "OWA.InBox", "OWA.InBox\OWA.InBox.csproj", "{51B6CE4D-BDD5-472C-986F-5E1DF6B709C2}"
EndProject
Project("{FAE04EC0-301F-11D3-BF4B-00C04F79EFBC}") = "OWA.Model", "OWA.Model\OWA.Model.csproj", "{053F5F57-7D23-443B-ACEA-F9196179AB00}"
EndProject
Project("{FAE04EC0-301F-11D3-BF4B-00C04F79EFBC}") = "OWA.Task", "OWA.Task\OWA.Task.csproj", "{490E3EDB-3CDB-4124-ADB1-C6FE1B181521}"
EndProject
Project("{FAE04EC0-301F-11D3-BF4B-00C04F79EFBC}") = "OWA.Template", "OWA.Template\OWA.Template.csproj", "{107EC902-7DEC-487D-8867-7D4774810AF5}"
EndProject
Project("{FAE04EC0-301F-11D3-BF4B-00C04F79EFBC}") = "OWACalendar", "OWACalendar\OWACalendar.csproj", "{3A848857-1E70-4047-BCFF-6D659DAD6794}"
EndProject
Global
	GlobalSection(TeamFoundationVersionControl) = preSolution
		SccNumberOfProjects = 9
		SccEnterpriseProvider = {4CA58AB2-18FA-4F8D-95D4-32DDF27D184C}
		SccTeamFoundationServer = https://baikangwang.visualstudio.com/defaultcollection
		SccLocalPath0 = .
		SccProjectUniqueName1 = OWASample\\OWASample.csproj
		SccProjectName1 = OWASample
		SccLocalPath1 = OWASample
		SccProjectUniqueName2 = OWA.Internal\\OWA.Internal.csproj
		SccProjectName2 = OWA.Internal
		SccLocalPath2 = OWA.Internal
		SccProjectUniqueName3 = OWA.Calendar\\OWA.Calendar.csproj
		SccProjectName3 = OWA.Calendar
		SccLocalPath3 = OWA.Calendar
		SccProjectUniqueName4 = OWA.InBox\\OWA.InBox.csproj
		SccProjectName4 = OWA.InBox
		SccLocalPath4 = OWA.InBox
		SccProjectUniqueName5 = OWA.Model\\OWA.Model.csproj
		SccProjectName5 = OWA.Model
		SccLocalPath5 = OWA.Model
		SccProjectUniqueName6 = OWA.Task\\OWA.Task.csproj
		SccProjectName6 = OWA.Task
		SccLocalPath6 = OWA.Task
		SccProjectUniqueName7 = OWA.Template\\OWA.Template.csproj
		SccProjectName7 = OWA.Template
		SccLocalPath7 = OWA.Template
		SccProjectUniqueName8 = OWACalendar\\OWACalendar.csproj
		SccProjectName8 = OWACalendar
		SccLocalPath8 = OWACalendar
	EndGlobalSection
	GlobalSection(SolutionConfigurationPlatforms) = preSolution
		Debug|Any CPU = Debug|Any CPU
		Debug|Mixed Platforms = Debug|Mixed Platforms
		Debug|x86 = Debug|x86
		Release|Any CPU = Release|Any CPU
		Release|Mixed Platforms = Release|Mixed Platforms
		Release|x86 = Release|x86
	EndGlobalSection
	GlobalSection(ProjectConfigurationPlatforms) = postSolution
		{ACAC145D-22F6-49C2-990F-C0289BD7AB30}.Debug|Any CPU.ActiveCfg = Debug|Any CPU
		{ACAC145D-22F6-49C2-990F-C0289BD7AB30}.Debug|Any CPU.Build.0 = Debug|Any CPU
		{ACAC145D-22F6-49C2-990F-C0289BD7AB30}.Debug|Mixed Platforms.ActiveCfg = Debug|Any CPU
		{ACAC145D-22F6-49C2-990F-C0289BD7AB30}.Debug|Mixed Platforms.Build.0 = Debug|Any CPU
		{ACAC145D-22F6-49C2-990F-C0289BD7AB30}.Debug|x86.ActiveCfg = Debug|Any CPU
		{ACAC145D-22F6-49C2-990F-C0289BD7AB30}.Release|Any CPU.ActiveCfg = Release|Any CPU
		{ACAC145D-22F6-49C2-990F-C0289BD7AB30}.Release|Any CPU.Build.0 = Release|Any CPU
		{ACAC145D-22F6-49C2-990F-C0289BD7AB30}.Release|Mixed Platforms.ActiveCfg = Release|Any CPU
		{ACAC145D-22F6-49C2-990F-C0289BD7AB30}.Release|Mixed Platforms.Build.0 = Release|Any CPU
		{ACAC145D-22F6-49C2-990F-C0289BD7AB30}.Release|x86.ActiveCfg = Release|Any CPU
		{B61050AD-7A4B-4DD6-9252-C2C8E7298EF0}.Debug|Any CPU.ActiveCfg = Debug|Any CPU
		{B61050AD-7A4B-4DD6-9252-C2C8E7298EF0}.Debug|Any CPU.Build.0 = Debug|Any CPU
		{B61050AD-7A4B-4DD6-9252-C2C8E7298EF0}.Debug|Mixed Platforms.ActiveCfg = Debug|Any CPU
		{B61050AD-7A4B-4DD6-9252-C2C8E7298EF0}.Debug|Mixed Platforms.Build.0 = Debug|Any CPU
		{B61050AD-7A4B-4DD6-9252-C2C8E7298EF0}.Debug|x86.ActiveCfg = Debug|Any CPU
		{B61050AD-7A4B-4DD6-9252-C2C8E7298EF0}.Release|Any CPU.ActiveCfg = Release|Any CPU
		{B61050AD-7A4B-4DD6-9252-C2C8E7298EF0}.Release|Any CPU.Build.0 = Release|Any CPU
		{B61050AD-7A4B-4DD6-9252-C2C8E7298EF0}.Release|Mixed Platforms.ActiveCfg = Release|Any CPU
		{B61050AD-7A4B-4DD6-9252-C2C8E7298EF0}.Release|Mixed Platforms.Build.0 = Release|Any CPU
		{B61050AD-7A4B-4DD6-9252-C2C8E7298EF0}.Release|x86.ActiveCfg = Release|Any CPU
		{17C2E963-0033-423C-89A9-34DC13DA5D6C}.Debug|Any CPU.ActiveCfg = Debug|Any CPU
		{17C2E963-0033-423C-89A9-34DC13DA5D6C}.Debug|Any CPU.Build.0 = Debug|Any CPU
		{17C2E963-0033-423C-89A9-34DC13DA5D6C}.Debug|Mixed Platforms.ActiveCfg = Debug|Any CPU
		{17C2E963-0033-423C-89A9-34DC13DA5D6C}.Debug|Mixed Platforms.Build.0 = Debug|Any CPU
		{17C2E963-0033-423C-89A9-34DC13DA5D6C}.Debug|x86.ActiveCfg = Debug|Any CPU
		{17C2E963-0033-423C-89A9-34DC13DA5D6C}.Release|Any CPU.ActiveCfg = Release|Any CPU
		{17C2E963-0033-423C-89A9-34DC13DA5D6C}.Release|Any CPU.Build.0 = Release|Any CPU
		{17C2E963-0033-423C-89A9-34DC13DA5D6C}.Release|Mixed Platforms.ActiveCfg = Release|Any CPU
		{17C2E963-0033-423C-89A9-34DC13DA5D6C}.Release|Mixed Platforms.Build.0 = Release|Any CPU
		{17C2E963-0033-423C-89A9-34DC13DA5D6C}.Release|x86.ActiveCfg = Release|Any CPU
		{51B6CE4D-BDD5-472C-986F-5E1DF6B709C2}.Debug|Any CPU.ActiveCfg = Debug|Any CPU
		{51B6CE4D-BDD5-472C-986F-5E1DF6B709C2}.Debug|Any CPU.Build.0 = Debug|Any CPU
		{51B6CE4D-BDD5-472C-986F-5E1DF6B709C2}.Debug|Mixed Platforms.ActiveCfg = Debug|Any CPU
		{51B6CE4D-BDD5-472C-986F-5E1DF6B709C2}.Debug|Mixed Platforms.Build.0 = Debug|Any CPU
		{51B6CE4D-BDD5-472C-986F-5E1DF6B709C2}.Debug|x86.ActiveCfg = Debug|Any CPU
		{51B6CE4D-BDD5-472C-986F-5E1DF6B709C2}.Release|Any CPU.ActiveCfg = Release|Any CPU
		{51B6CE4D-BDD5-472C-986F-5E1DF6B709C2}.Release|Any CPU.Build.0 = Release|Any CPU
		{51B6CE4D-BDD5-472C-986F-5E1DF6B709C2}.Release|Mixed Platforms.ActiveCfg = Release|Any CPU
		{51B6CE4D-BDD5-472C-986F-5E1DF6B709C2}.Release|Mixed Platforms.Build.0 = Release|Any CPU
		{51B6CE4D-BDD5-472C-986F-5E1DF6B709C2}.Release|x86.ActiveCfg = Release|Any CPU
		{053F5F57-7D23-443B-ACEA-F9196179AB00}.Debug|Any CPU.ActiveCfg = Debug|Any CPU
		{053F5F57-7D23-443B-ACEA-F9196179AB00}.Debug|Any CPU.Build.0 = Debug|Any CPU
		{053F5F57-7D23-443B-ACEA-F9196179AB00}.Debug|Mixed Platforms.ActiveCfg = Debug|Any CPU
		{053F5F57-7D23-443B-ACEA-F9196179AB00}.Debug|Mixed Platforms.Build.0 = Debug|Any CPU
		{053F5F57-7D23-443B-ACEA-F9196179AB00}.Debug|x86.ActiveCfg = Debug|Any CPU
		{053F5F57-7D23-443B-ACEA-F9196179AB00}.Release|Any CPU.ActiveCfg = Release|Any CPU
		{053F5F57-7D23-443B-ACEA-F9196179AB00}.Release|Any CPU.Build.0 = Release|Any CPU
		{053F5F57-7D23-443B-ACEA-F9196179AB00}.Release|Mixed Platforms.ActiveCfg = Release|Any CPU
		{053F5F57-7D23-443B-ACEA-F9196179AB00}.Release|Mixed Platforms.Build.0 = Release|Any CPU
		{053F5F57-7D23-443B-ACEA-F9196179AB00}.Release|x86.ActiveCfg = Release|Any CPU
		{490E3EDB-3CDB-4124-ADB1-C6FE1B181521}.Debug|Any CPU.ActiveCfg = Debug|Any CPU
		{490E3EDB-3CDB-4124-ADB1-C6FE1B181521}.Debug|Any CPU.Build.0 = Debug|Any CPU
		{490E3EDB-3CDB-4124-ADB1-C6FE1B181521}.Debug|Mixed Platforms.ActiveCfg = Debug|Any CPU
		{490E3EDB-3CDB-4124-ADB1-C6FE1B181521}.Debug|Mixed Platforms.Build.0 = Debug|Any CPU
		{490E3EDB-3CDB-4124-ADB1-C6FE1B181521}.Debug|x86.ActiveCfg = Debug|Any CPU
		{490E3EDB-3CDB-4124-ADB1-C6FE1B181521}.Release|Any CPU.ActiveCfg = Release|Any CPU
		{490E3EDB-3CDB-4124-ADB1-C6FE1B181521}.Release|Any CPU.Build.0 = Release|Any CPU
		{490E3EDB-3CDB-4124-ADB1-C6FE1B181521}.Release|Mixed Platforms.ActiveCfg = Release|Any CPU
		{490E3EDB-3CDB-4124-ADB1-C6FE1B181521}.Release|Mixed Platforms.Build.0 = Release|Any CPU
		{490E3EDB-3CDB-4124-ADB1-C6FE1B181521}.Release|x86.ActiveCfg = Release|Any CPU
		{107EC902-7DEC-487D-8867-7D4774810AF5}.Debug|Any CPU.ActiveCfg = Debug|Any CPU
		{107EC902-7DEC-487D-8867-7D4774810AF5}.Debug|Any CPU.Build.0 = Debug|Any CPU
		{107EC902-7DEC-487D-8867-7D4774810AF5}.Debug|Mixed Platforms.ActiveCfg = Debug|Any CPU
		{107EC902-7DEC-487D-8867-7D4774810AF5}.Debug|Mixed Platforms.Build.0 = Debug|Any CPU
		{107EC902-7DEC-487D-8867-7D4774810AF5}.Debug|x86.ActiveCfg = Debug|Any CPU
		{107EC902-7DEC-487D-8867-7D4774810AF5}.Release|Any CPU.ActiveCfg = Release|Any CPU
		{107EC902-7DEC-487D-8867-7D4774810AF5}.Release|Any CPU.Build.0 = Release|Any CPU
		{107EC902-7DEC-487D-8867-7D4774810AF5}.Release|Mixed Platforms.ActiveCfg = Release|Any CPU
		{107EC902-7DEC-487D-8867-7D4774810AF5}.Release|Mixed Platforms.Build.0 = Release|Any CPU
		{107EC902-7DEC-487D-8867-7D4774810AF5}.Release|x86.ActiveCfg = Release|Any CPU
		{3A848857-1E70-4047-BCFF-6D659DAD6794}.Debug|Any CPU.ActiveCfg = Debug|x86
		{3A848857-1E70-4047-BCFF-6D659DAD6794}.Debug|Mixed Platforms.ActiveCfg = Debug|x86
		{3A848857-1E70-4047-BCFF-6D659DAD6794}.Debug|Mixed Platforms.Build.0 = Debug|x86
		{3A848857-1E70-4047-BCFF-6D659DAD6794}.Debug|x86.ActiveCfg = Debug|x86
		{3A848857-1E70-4047-BCFF-6D659DAD6794}.Debug|x86.Build.0 = Debug|x86
		{3A848857-1E70-4047-BCFF-6D659DAD6794}.Release|Any CPU.ActiveCfg = Release|x86
		{3A848857-1E70-4047-BCFF-6D659DAD6794}.Release|Mixed Platforms.ActiveCfg = Release|x86
		{3A848857-1E70-4047-BCFF-6D659DAD6794}.Release|Mixed Platforms.Build.0 = Release|x86
		{3A848857-1E70-4047-BCFF-6D659DAD6794}.Release|x86.ActiveCfg = Release|x86
		{3A848857-1E70-4047-BCFF-6D659DAD6794}.Release|x86.Build.0 = Release|x86
	EndGlobalSection
	GlobalSection(SolutionProperties) = preSolution
		HideSolutionNode = FALSE
	EndGlobalSection
EndGlobal
